
Microsoft Visual Studio Solution File, Format Version 12.00
# Visual Studio 15
VisualStudioVersion = 15.0.26730.16
MinimumVisualStudioVersion = 10.0.40219.1
Project("{FAE04EC0-301F-11D3-BF4B-00C04F79EFBC}") = "GoFish", "GoFish\GoFish.csproj", "{BC0882AE-5BF3-4340-9D80-E77E5724319C}"
EndProject
Global
	GlobalSection(SolutionConfigurationPlatforms) = preSolution
		Debug|Any CPU = Debug|Any CPU
		Release|Any CPU = Release|Any CPU
	EndGlobalSection
	GlobalSection(ProjectConfigurationPlatforms) = postSolution
		{BC0882AE-5BF3-4340-9D80-E77E5724319C}.Debug|Any CPU.ActiveCfg = Debug|Any CPU
		{BC0882AE-5BF3-4340-9D80-E77E5724319C}.Debug|Any CPU.Build.0 = Debug|Any CPU
		{BC0882AE-5BF3-4340-9D80-E77E5724319C}.Release|Any CPU.ActiveCfg = Release|Any CPU
		{BC0882AE-5BF3-4340-9D80-E77E5724319C}.Release|Any CPU.Build.0 = Release|Any CPU
	EndGlobalSection
	GlobalSection(SolutionProperties) = preSolution
		HideSolutionNode = FALSE
	EndGlobalSection
	GlobalSection(ExtensibilityGlobals) = postSolution
		SolutionGuid = {68E95D1E-FCA4-47CC-BF09-A85534DCEE56}
	EndGlobalSection
EndGlobal
